
Microsoft Visual Studio Solution File, Format Version 12.00
# Visual Studio Version 16
VisualStudioVersion = 16.0.30717.126
MinimumVisualStudioVersion = 10.0.40219.1
Project("{FAE04EC0-301F-11D3-BF4B-00C04F79EFBC}") = "Mouse aimed turret", "Mouse aimed turret.csproj", "{70FE7431-3F05-4516-A704-9A02743EFD40}"
EndProject
Global
	GlobalSection(SolutionConfigurationPlatforms) = preSolution
		Debug|x64 = Debug|x64
	EndGlobalSection
	GlobalSection(ProjectConfigurationPlatforms) = postSolution
		{70FE7431-3F05-4516-A704-9A02743EFD40}.Debug|x64.ActiveCfg = Debug|x64
		{70FE7431-3F05-4516-A704-9A02743EFD40}.Debug|x64.Build.0 = Debug|x64
	EndGlobalSection
	GlobalSection(SolutionProperties) = preSolution
		HideSolutionNode = FALSE
	EndGlobalSection
	GlobalSection(ExtensibilityGlobals) = postSolution
		SolutionGuid = {4D221382-18E2-486C-9605-98814BB8FC50}
	EndGlobalSection
EndGlobal
